
Microsoft Visual Studio Solution File, Format Version 12.00
# Visual Studio 2017
Project("{FAE04EC0-301F-11D3-BF4B-00C04F79EFBC}") = "actdemo", "actdemo.csproj", "{933436D8-1A97-A386-2FFD-03E901C491BC}"
EndProject
Project("{FAE04EC0-301F-11D3-BF4B-00C04F79EFBC}") = "actdemo.Editor", "actdemo.Editor.csproj", "{580F8D3D-DF57-FA83-07E9-385FF129D8F0}"
EndProject
Global
	GlobalSection(SolutionConfigurationPlatforms) = preSolution
		Debug|Any CPU = Debug|Any CPU
		Release|Any CPU = Release|Any CPU
	EndGlobalSection
	GlobalSection(ProjectConfigurationPlatforms) = postSolution
		{933436D8-1A97-A386-2FFD-03E901C491BC}.Debug|Any CPU.ActiveCfg = Debug|Any CPU
		{933436D8-1A97-A386-2FFD-03E901C491BC}.Debug|Any CPU.Build.0 = Debug|Any CPU
		{933436D8-1A97-A386-2FFD-03E901C491BC}.Release|Any CPU.ActiveCfg = Release|Any CPU
		{933436D8-1A97-A386-2FFD-03E901C491BC}.Release|Any CPU.Build.0 = Release|Any CPU
		{580F8D3D-DF57-FA83-07E9-385FF129D8F0}.Debug|Any CPU.ActiveCfg = Debug|Any CPU
		{580F8D3D-DF57-FA83-07E9-385FF129D8F0}.Debug|Any CPU.Build.0 = Debug|Any CPU
		{580F8D3D-DF57-FA83-07E9-385FF129D8F0}.Release|Any CPU.ActiveCfg = Release|Any CPU
		{580F8D3D-DF57-FA83-07E9-385FF129D8F0}.Release|Any CPU.Build.0 = Release|Any CPU
	EndGlobalSection
	GlobalSection(SolutionProperties) = preSolution
		HideSolutionNode = FALSE
	EndGlobalSection
EndGlobal
