
Microsoft Visual Studio Solution File, Format Version 12.00
# Visual Studio 15
Project("{FAE04EC0-301F-11D3-BF4B-00C04F79EFBC}") = "actgame", "actgame.csproj", "{64F6F4B4-682E-681F-BE53-06DC64891863}"
EndProject
Project("{FAE04EC0-301F-11D3-BF4B-00C04F79EFBC}") = "actgame.Editor", "actgame.Editor.csproj", "{14071D9E-C5F3-9E5B-C611-CE5AD765277B}"
EndProject
Global
	GlobalSection(SolutionConfigurationPlatforms) = preSolution
		Debug|Any CPU = Debug|Any CPU
		Release|Any CPU = Release|Any CPU
	EndGlobalSection
	GlobalSection(ProjectConfigurationPlatforms) = postSolution
		{64F6F4B4-682E-681F-BE53-06DC64891863}.Debug|Any CPU.ActiveCfg = Debug|Any CPU
		{64F6F4B4-682E-681F-BE53-06DC64891863}.Debug|Any CPU.Build.0 = Debug|Any CPU
		{64F6F4B4-682E-681F-BE53-06DC64891863}.Release|Any CPU.ActiveCfg = Release|Any CPU
		{64F6F4B4-682E-681F-BE53-06DC64891863}.Release|Any CPU.Build.0 = Release|Any CPU
		{14071D9E-C5F3-9E5B-C611-CE5AD765277B}.Debug|Any CPU.ActiveCfg = Debug|Any CPU
		{14071D9E-C5F3-9E5B-C611-CE5AD765277B}.Debug|Any CPU.Build.0 = Debug|Any CPU
		{14071D9E-C5F3-9E5B-C611-CE5AD765277B}.Release|Any CPU.ActiveCfg = Release|Any CPU
		{14071D9E-C5F3-9E5B-C611-CE5AD765277B}.Release|Any CPU.Build.0 = Release|Any CPU
	EndGlobalSection
	GlobalSection(SolutionProperties) = preSolution
		HideSolutionNode = FALSE
	EndGlobalSection
EndGlobal
